// !$*UTF8*$!
{
	archiveVersion = 1;
	classes = {
	};
	objectVersion = 50;
	objects = {

/* Begin PBXBuildFile section */
		960D59F926A999BE0024AA80 /* FavoriteButton.swift in Sources */ = {isa = PBXBuildFile; fileRef = 960D59F826A999BE0024AA80 /* FavoriteButton.swift */; };
		960D59FC26AA53CE0024AA80 /* HexagonParameter.swift in Sources */ = {isa = PBXBuildFile; fileRef = 960D59FB26AA53CE0024AA80 /* HexagonParameter.swift */; };
		960D59FE26AA62520024AA80 /* BadgeBackground.swift in Sources */ = {isa = PBXBuildFile; fileRef = 960D59FD26AA62520024AA80 /* BadgeBackground.swift */; };
		960D5A0026AA66AC0024AA80 /* BadgeSybol.swift in Sources */ = {isa = PBXBuildFile; fileRef = 960D59FF26AA66AC0024AA80 /* BadgeSybol.swift */; };
		960D5A0226AA67760024AA80 /* RotatedBadgeSymbol.swift in Sources */ = {isa = PBXBuildFile; fileRef = 960D5A0126AA67760024AA80 /* RotatedBadgeSymbol.swift */; };
		960D5A0426AA67930024AA80 /* Badge.swift in Sources */ = {isa = PBXBuildFile; fileRef = 960D5A0326AA67930024AA80 /* Badge.swift */; };
		961B608226A4164A000E889A /* Landmark.swift in Sources */ = {isa = PBXBuildFile; fileRef = 961B608126A4164A000E889A /* Landmark.swift */; };
		961B608426A4166F000E889A /* ModelData.swift in Sources */ = {isa = PBXBuildFile; fileRef = 961B608326A4166F000E889A /* ModelData.swift */; };
		961B608826A41C88000E889A /* LandmarkRow.swift in Sources */ = {isa = PBXBuildFile; fileRef = 961B608726A41C88000E889A /* LandmarkRow.swift */; };
		961B608E26A4439E000E889A /* LandmarkList.swift in Sources */ = {isa = PBXBuildFile; fileRef = 961B608D26A4439E000E889A /* LandmarkList.swift */; };
		961B609026A445A1000E889A /* LandmarkDetail.swift in Sources */ = {isa = PBXBuildFile; fileRef = 961B608F26A445A1000E889A /* LandmarkDetail.swift */; };
		963EC57226A4599B0055B5FF /* umbagog@2x.jpg in Resources */ = {isa = PBXBuildFile; fileRef = 963EC56626A4599B0055B5FF /* umbagog@2x.jpg */; };
		963EC57326A4599B0055B5FF /* twinlake@2x.jpg in Resources */ = {isa = PBXBuildFile; fileRef = 963EC56726A4599B0055B5FF /* twinlake@2x.jpg */; };
		963EC57426A4599B0055B5FF /* chincoteague@2x.jpg in Resources */ = {isa = PBXBuildFile; fileRef = 963EC56826A4599B0055B5FF /* chincoteague@2x.jpg */; };
		963EC57526A4599B0055B5FF /* lakemcdonald@2x.jpg in Resources */ = {isa = PBXBuildFile; fileRef = 963EC56926A4599B0055B5FF /* lakemcdonald@2x.jpg */; };
		963EC57626A4599B0055B5FF /* silversalmoncreek@2x.jpg in Resources */ = {isa = PBXBuildFile; fileRef = 963EC56A26A4599B0055B5FF /* silversalmoncreek@2x.jpg */; };
		963EC57726A4599B0055B5FF /* icybay@2x.jpg in Resources */ = {isa = PBXBuildFile; fileRef = 963EC56B26A4599B0055B5FF /* icybay@2x.jpg */; };
		963EC57826A4599B0055B5FF /* hiddenlake@2x.jpg in Resources */ = {isa = PBXBuildFile; fileRef = 963EC56C26A4599B0055B5FF /* hiddenlake@2x.jpg */; };
		963EC57926A4599B0055B5FF /* chilkoottrail@2x.jpg in Resources */ = {isa = PBXBuildFile; fileRef = 963EC56D26A4599B0055B5FF /* chilkoottrail@2x.jpg */; };
		963EC57A26A4599B0055B5FF /* stmarylake@2x.jpg in Resources */ = {isa = PBXBuildFile; fileRef = 963EC56E26A4599B0055B5FF /* stmarylake@2x.jpg */; };
		963EC57B26A4599B0055B5FF /* charleyrivers@2x.jpg in Resources */ = {isa = PBXBuildFile; fileRef = 963EC56F26A4599B0055B5FF /* charleyrivers@2x.jpg */; };
		963EC57C26A4599B0055B5FF /* rainbowlake@2x.jpg in Resources */ = {isa = PBXBuildFile; fileRef = 963EC57026A4599B0055B5FF /* rainbowlake@2x.jpg */; };
		963EC57D26A4599B0055B5FF /* landmarkData.json in Resources */ = {isa = PBXBuildFile; fileRef = 963EC57126A4599B0055B5FF /* landmarkData.json */; };
		9661279B26A3FFDB006B091B /* LandmarksApp.swift in Sources */ = {isa = PBXBuildFile; fileRef = 9661279A26A3FFDB006B091B /* LandmarksApp.swift */; };
		9661279D26A3FFDB006B091B /* ContentView.swift in Sources */ = {isa = PBXBuildFile; fileRef = 9661279C26A3FFDB006B091B /* ContentView.swift */; };
		9661279F26A3FFDC006B091B /* Assets.xcassets in Resources */ = {isa = PBXBuildFile; fileRef = 9661279E26A3FFDC006B091B /* Assets.xcassets */; };
		966127A226A3FFDC006B091B /* Preview Assets.xcassets in Resources */ = {isa = PBXBuildFile; fileRef = 966127A126A3FFDC006B091B /* Preview Assets.xcassets */; };
		966127AD26A3FFDD006B091B /* LandmarksTests.swift in Sources */ = {isa = PBXBuildFile; fileRef = 966127AC26A3FFDD006B091B /* LandmarksTests.swift */; };
		966127B826A3FFDD006B091B /* LandmarksUITests.swift in Sources */ = {isa = PBXBuildFile; fileRef = 966127B726A3FFDD006B091B /* LandmarksUITests.swift */; };
		966127CB26A407FE006B091B /* CircleImage.swift in Sources */ = {isa = PBXBuildFile; fileRef = 966127CA26A407FE006B091B /* CircleImage.swift */; };
		966127CD26A40967006B091B /* MapView.swift in Sources */ = {isa = PBXBuildFile; fileRef = 966127CC26A40967006B091B /* MapView.swift */; };
/* End PBXBuildFile section */

/* Begin PBXContainerItemProxy section */
		966127A926A3FFDD006B091B /* PBXContainerItemProxy */ = {
			isa = PBXContainerItemProxy;
			containerPortal = 9661278F26A3FFDB006B091B /* Project object */;
			proxyType = 1;
			remoteGlobalIDString = 9661279626A3FFDB006B091B;
			remoteInfo = Landmarks;
		};
		966127B426A3FFDD006B091B /* PBXContainerItemProxy */ = {
			isa = PBXContainerItemProxy;
			containerPortal = 9661278F26A3FFDB006B091B /* Project object */;
			proxyType = 1;
			remoteGlobalIDString = 9661279626A3FFDB006B091B;
			remoteInfo = Landmarks;
		};
/* End PBXContainerItemProxy section */

/* Begin PBXFileReference section */
		960D59F826A999BE0024AA80 /* FavoriteButton.swift */ = {isa = PBXFileReference; lastKnownFileType = sourcecode.swift; path = FavoriteButton.swift; sourceTree = "<group>"; };
		960D59FB26AA53CE0024AA80 /* HexagonParameter.swift */ = {isa = PBXFileReference; lastKnownFileType = sourcecode.swift; path = HexagonParameter.swift; sourceTree = "<group>"; };
		960D59FD26AA62520024AA80 /* BadgeBackground.swift */ = {isa = PBXFileReference; lastKnownFileType = sourcecode.swift; path = BadgeBackground.swift; sourceTree = "<group>"; };
		960D59FF26AA66AC0024AA80 /* BadgeSybol.swift */ = {isa = PBXFileReference; lastKnownFileType = sourcecode.swift; path = BadgeSybol.swift; sourceTree = "<group>"; };
		960D5A0126AA67760024AA80 /* RotatedBadgeSymbol.swift */ = {isa = PBXFileReference; lastKnownFileType = sourcecode.swift; path = RotatedBadgeSymbol.swift; sourceTree = "<group>"; };
		960D5A0326AA67930024AA80 /* Badge.swift */ = {isa = PBXFileReference; lastKnownFileType = sourcecode.swift; path = Badge.swift; sourceTree = "<group>"; };
		961B608126A4164A000E889A /* Landmark.swift */ = {isa = PBXFileReference; lastKnownFileType = sourcecode.swift; path = Landmark.swift; sourceTree = "<group>"; };
		961B608326A4166F000E889A /* ModelData.swift */ = {isa = PBXFileReference; lastKnownFileType = sourcecode.swift; path = ModelData.swift; sourceTree = "<group>"; };
		961B608726A41C88000E889A /* LandmarkRow.swift */ = {isa = PBXFileReference; lastKnownFileType = sourcecode.swift; path = LandmarkRow.swift; sourceTree = "<group>"; };
		961B608D26A4439E000E889A /* LandmarkList.swift */ = {isa = PBXFileReference; lastKnownFileType = sourcecode.swift; path = LandmarkList.swift; sourceTree = "<group>"; };
		961B608F26A445A1000E889A /* LandmarkDetail.swift */ = {isa = PBXFileReference; lastKnownFileType = sourcecode.swift; path = LandmarkDetail.swift; sourceTree = "<group>"; };
		963EC56626A4599B0055B5FF /* umbagog@2x.jpg */ = {isa = PBXFileReference; lastKnownFileType = image.jpeg; path = "umbagog@2x.jpg"; sourceTree = "<group>"; };
		963EC56726A4599B0055B5FF /* twinlake@2x.jpg */ = {isa = PBXFileReference; lastKnownFileType = image.jpeg; path = "twinlake@2x.jpg"; sourceTree = "<group>"; };
		963EC56826A4599B0055B5FF /* chincoteague@2x.jpg */ = {isa = PBXFileReference; lastKnownFileType = image.jpeg; path = "chincoteague@2x.jpg"; sourceTree = "<group>"; };
		963EC56926A4599B0055B5FF /* lakemcdonald@2x.jpg */ = {isa = PBXFileReference; lastKnownFileType = image.jpeg; path = "lakemcdonald@2x.jpg"; sourceTree = "<group>"; };
		963EC56A26A4599B0055B5FF /* silversalmoncreek@2x.jpg */ = {isa = PBXFileReference; lastKnownFileType = image.jpeg; path = "silversalmoncreek@2x.jpg"; sourceTree = "<group>"; };
		963EC56B26A4599B0055B5FF /* icybay@2x.jpg */ = {isa = PBXFileReference; lastKnownFileType = image.jpeg; path = "icybay@2x.jpg"; sourceTree = "<group>"; };
		963EC56C26A4599B0055B5FF /* hiddenlake@2x.jpg */ = {isa = PBXFileReference; lastKnownFileType = image.jpeg; path = "hiddenlake@2x.jpg"; sourceTree = "<group>"; };
		963EC56D26A4599B0055B5FF /* chilkoottrail@2x.jpg */ = {isa = PBXFileReference; lastKnownFileType = image.jpeg; path = "chilkoottrail@2x.jpg"; sourceTree = "<group>"; };
		963EC56E26A4599B0055B5FF /* stmarylake@2x.jpg */ = {isa = PBXFileReference; lastKnownFileType = image.jpeg; path = "stmarylake@2x.jpg"; sourceTree = "<group>"; };
		963EC56F26A4599B0055B5FF /* charleyrivers@2x.jpg */ = {isa = PBXFileReference; lastKnownFileType = image.jpeg; path = "charleyrivers@2x.jpg"; sourceTree = "<group>"; };
		963EC57026A4599B0055B5FF /* rainbowlake@2x.jpg */ = {isa = PBXFileReference; lastKnownFileType = image.jpeg; path = "rainbowlake@2x.jpg"; sourceTree = "<group>"; };
		963EC57126A4599B0055B5FF /* landmarkData.json */ = {isa = PBXFileReference; fileEncoding = 4; lastKnownFileType = text.json; path = landmarkData.json; sourceTree = "<group>"; };
		9661279726A3FFDB006B091B /* Landmarks.app */ = {isa = PBXFileReference; explicitFileType = wrapper.application; includeInIndex = 0; path = Landmarks.app; sourceTree = BUILT_PRODUCTS_DIR; };
		9661279A26A3FFDB006B091B /* LandmarksApp.swift */ = {isa = PBXFileReference; lastKnownFileType = sourcecode.swift; path = LandmarksApp.swift; sourceTree = "<group>"; };
		9661279C26A3FFDB006B091B /* ContentView.swift */ = {isa = PBXFileReference; lastKnownFileType = sourcecode.swift; path = ContentView.swift; sourceTree = "<group>"; };
		9661279E26A3FFDC006B091B /* Assets.xcassets */ = {isa = PBXFileReference; lastKnownFileType = folder.assetcatalog; path = Assets.xcassets; sourceTree = "<group>"; };
		966127A126A3FFDC006B091B /* Preview Assets.xcassets */ = {isa = PBXFileReference; lastKnownFileType = folder.assetcatalog; path = "Preview Assets.xcassets"; sourceTree = "<group>"; };
		966127A326A3FFDC006B091B /* Info.plist */ = {isa = PBXFileReference; lastKnownFileType = text.plist.xml; path = Info.plist; sourceTree = "<group>"; };
		966127A826A3FFDD006B091B /* LandmarksTests.xctest */ = {isa = PBXFileReference; explicitFileType = wrapper.cfbundle; includeInIndex = 0; path = LandmarksTests.xctest; sourceTree = BUILT_PRODUCTS_DIR; };
		966127AC26A3FFDD006B091B /* LandmarksTests.swift */ = {isa = PBXFileReference; lastKnownFileType = sourcecode.swift; path = LandmarksTests.swift; sourceTree = "<group>"; };
		966127AE26A3FFDD006B091B /* Info.plist */ = {isa = PBXFileReference; lastKnownFileType = text.plist.xml; path = Info.plist; sourceTree = "<group>"; };
		966127B326A3FFDD006B091B /* LandmarksUITests.xctest */ = {isa = PBXFileReference; explicitFileType = wrapper.cfbundle; includeInIndex = 0; path = LandmarksUITests.xctest; sourceTree = BUILT_PRODUCTS_DIR; };
		966127B726A3FFDD006B091B /* LandmarksUITests.swift */ = {isa = PBXFileReference; lastKnownFileType = sourcecode.swift; path = LandmarksUITests.swift; sourceTree = "<group>"; };
		966127B926A3FFDD006B091B /* Info.plist */ = {isa = PBXFileReference; lastKnownFileType = text.plist.xml; path = Info.plist; sourceTree = "<group>"; };
		966127CA26A407FE006B091B /* CircleImage.swift */ = {isa = PBXFileReference; lastKnownFileType = sourcecode.swift; path = CircleImage.swift; sourceTree = "<group>"; };
		966127CC26A40967006B091B /* MapView.swift */ = {isa = PBXFileReference; lastKnownFileType = sourcecode.swift; path = MapView.swift; sourceTree = "<group>"; };
/* End PBXFileReference section */

/* Begin PBXFrameworksBuildPhase section */
		9661279426A3FFDB006B091B /* Frameworks */ = {
			isa = PBXFrameworksBuildPhase;
			buildActionMask = 2147483647;
			files = (
			);
			runOnlyForDeploymentPostprocessing = 0;
		};
		966127A526A3FFDD006B091B /* Frameworks */ = {
			isa = PBXFrameworksBuildPhase;
			buildActionMask = 2147483647;
			files = (
			);
			runOnlyForDeploymentPostprocessing = 0;
		};
		966127B026A3FFDD006B091B /* Frameworks */ = {
			isa = PBXFrameworksBuildPhase;
			buildActionMask = 2147483647;
			files = (
			);
			runOnlyForDeploymentPostprocessing = 0;
		};
/* End PBXFrameworksBuildPhase section */

/* Begin PBXGroup section */
		960D59FA26A99C810024AA80 /* Helper */ = {
			isa = PBXGroup;
			children = (
				960D59F826A999BE0024AA80 /* FavoriteButton.swift */,
				966127CA26A407FE006B091B /* CircleImage.swift */,
				966127CC26A40967006B091B /* MapView.swift */,
			);
			path = Helper;
			sourceTree = "<group>";
		};
		960D5A0526AA67DB0024AA80 /* Badge */ = {
			isa = PBXGroup;
			children = (
				960D59FD26AA62520024AA80 /* BadgeBackground.swift */,
				960D59FB26AA53CE0024AA80 /* HexagonParameter.swift */,
				960D59FF26AA66AC0024AA80 /* BadgeSybol.swift */,
				960D5A0126AA67760024AA80 /* RotatedBadgeSymbol.swift */,
				960D5A0326AA67930024AA80 /* Badge.swift */,
			);
			path = Badge;
			sourceTree = "<group>";
		};
		961B607F26A41629000E889A /* View */ = {
			isa = PBXGroup;
			children = (
				9661279C26A3FFDB006B091B /* ContentView.swift */,
				961B608726A41C88000E889A /* LandmarkRow.swift */,
				961B608D26A4439E000E889A /* LandmarkList.swift */,
				961B608F26A445A1000E889A /* LandmarkDetail.swift */,
			);
			path = View;
			sourceTree = "<group>";
		};
		961B608026A41637000E889A /* Model */ = {
			isa = PBXGroup;
			children = (
				961B608126A4164A000E889A /* Landmark.swift */,
				961B608326A4166F000E889A /* ModelData.swift */,
			);
			path = Model;
			sourceTree = "<group>";
		};
		963EC56426A4599B0055B5FF /* Resource */ = {
			isa = PBXGroup;
			children = (
				963EC56526A4599B0055B5FF /* Images */,
				963EC57126A4599B0055B5FF /* landmarkData.json */,
			);
			path = Resource;
			sourceTree = "<group>";
		};
		963EC56526A4599B0055B5FF /* Images */ = {
			isa = PBXGroup;
			children = (
				963EC56626A4599B0055B5FF /* umbagog@2x.jpg */,
				963EC56726A4599B0055B5FF /* twinlake@2x.jpg */,
				963EC56826A4599B0055B5FF /* chincoteague@2x.jpg */,
				963EC56926A4599B0055B5FF /* lakemcdonald@2x.jpg */,
				963EC56A26A4599B0055B5FF /* silversalmoncreek@2x.jpg */,
				963EC56B26A4599B0055B5FF /* icybay@2x.jpg */,
				963EC56C26A4599B0055B5FF /* hiddenlake@2x.jpg */,
				963EC56D26A4599B0055B5FF /* chilkoottrail@2x.jpg */,
				963EC56E26A4599B0055B5FF /* stmarylake@2x.jpg */,
				963EC56F26A4599B0055B5FF /* charleyrivers@2x.jpg */,
				963EC57026A4599B0055B5FF /* rainbowlake@2x.jpg */,
			);
			path = Images;
			sourceTree = "<group>";
		};
		9661278E26A3FFDB006B091B = {
			isa = PBXGroup;
			children = (
				9661279926A3FFDB006B091B /* Landmarks */,
				966127AB26A3FFDD006B091B /* LandmarksTests */,
				966127B626A3FFDD006B091B /* LandmarksUITests */,
				9661279826A3FFDB006B091B /* Products */,
			);
			sourceTree = "<group>";
		};
		9661279826A3FFDB006B091B /* Products */ = {
			isa = PBXGroup;
			children = (
				9661279726A3FFDB006B091B /* Landmarks.app */,
				966127A826A3FFDD006B091B /* LandmarksTests.xctest */,
				966127B326A3FFDD006B091B /* LandmarksUITests.xctest */,
			);
			name = Products;
			sourceTree = "<group>";
		};
		9661279926A3FFDB006B091B /* Landmarks */ = {
			isa = PBXGroup;
			children = (
				960D5A0526AA67DB0024AA80 /* Badge */,
				963EC56426A4599B0055B5FF /* Resource */,
				961B608026A41637000E889A /* Model */,
				961B607F26A41629000E889A /* View */,
				960D59FA26A99C810024AA80 /* Helper */,
				9661279A26A3FFDB006B091B /* LandmarksApp.swift */,
				9661279E26A3FFDC006B091B /* Assets.xcassets */,
				966127A326A3FFDC006B091B /* Info.plist */,
				966127A026A3FFDC006B091B /* Preview Content */,
			);
			path = Landmarks;
			sourceTree = "<group>";
		};
		966127A026A3FFDC006B091B /* Preview Content */ = {
			isa = PBXGroup;
			children = (
				966127A126A3FFDC006B091B /* Preview Assets.xcassets */,
			);
			path = "Preview Content";
			sourceTree = "<group>";
		};
		966127AB26A3FFDD006B091B /* LandmarksTests */ = {
			isa = PBXGroup;
			children = (
				966127AC26A3FFDD006B091B /* LandmarksTests.swift */,
				966127AE26A3FFDD006B091B /* Info.plist */,
			);
			path = LandmarksTests;
			sourceTree = "<group>";
		};
		966127B626A3FFDD006B091B /* LandmarksUITests */ = {
			isa = PBXGroup;
			children = (
				966127B726A3FFDD006B091B /* LandmarksUITests.swift */,
				966127B926A3FFDD006B091B /* Info.plist */,
			);
			path = LandmarksUITests;
			sourceTree = "<group>";
		};
/* End PBXGroup section */

/* Begin PBXNativeTarget section */
		9661279626A3FFDB006B091B /* Landmarks */ = {
			isa = PBXNativeTarget;
			buildConfigurationList = 966127BC26A3FFDD006B091B /* Build configuration list for PBXNativeTarget "Landmarks" */;
			buildPhases = (
				9661279326A3FFDB006B091B /* Sources */,
				9661279426A3FFDB006B091B /* Frameworks */,
				9661279526A3FFDB006B091B /* Resources */,
			);
			buildRules = (
			);
			dependencies = (
			);
			name = Landmarks;
			productName = Landmarks;
			productReference = 9661279726A3FFDB006B091B /* Landmarks.app */;
			productType = "com.apple.product-type.application";
		};
		966127A726A3FFDD006B091B /* LandmarksTests */ = {
			isa = PBXNativeTarget;
			buildConfigurationList = 966127BF26A3FFDD006B091B /* Build configuration list for PBXNativeTarget "LandmarksTests" */;
			buildPhases = (
				966127A426A3FFDD006B091B /* Sources */,
				966127A526A3FFDD006B091B /* Frameworks */,
				966127A626A3FFDD006B091B /* Resources */,
			);
			buildRules = (
			);
			dependencies = (
				966127AA26A3FFDD006B091B /* PBXTargetDependency */,
			);
			name = LandmarksTests;
			productName = LandmarksTests;
			productReference = 966127A826A3FFDD006B091B /* LandmarksTests.xctest */;
			productType = "com.apple.product-type.bundle.unit-test";
		};
		966127B226A3FFDD006B091B /* LandmarksUITests */ = {
			isa = PBXNativeTarget;
			buildConfigurationList = 966127C226A3FFDD006B091B /* Build configuration list for PBXNativeTarget "LandmarksUITests" */;
			buildPhases = (
				966127AF26A3FFDD006B091B /* Sources */,
				966127B026A3FFDD006B091B /* Frameworks */,
				966127B126A3FFDD006B091B /* Resources */,
			);
			buildRules = (
			);
			dependencies = (
				966127B526A3FFDD006B091B /* PBXTargetDependency */,
			);
			name = LandmarksUITests;
			productName = LandmarksUITests;
			productReference = 966127B326A3FFDD006B091B /* LandmarksUITests.xctest */;
			productType = "com.apple.product-type.bundle.ui-testing";
		};
/* End PBXNativeTarget section */

/* Begin PBXProject section */
		9661278F26A3FFDB006B091B /* Project object */ = {
			isa = PBXProject;
			attributes = {
				LastSwiftUpdateCheck = 1250;
				LastUpgradeCheck = 1250;
				TargetAttributes = {
					9661279626A3FFDB006B091B = {
						CreatedOnToolsVersion = 12.5.1;
					};
					966127A726A3FFDD006B091B = {
						CreatedOnToolsVersion = 12.5.1;
						TestTargetID = 9661279626A3FFDB006B091B;
					};
					966127B226A3FFDD006B091B = {
						CreatedOnToolsVersion = 12.5.1;
						TestTargetID = 9661279626A3FFDB006B091B;
					};
				};
			};
			buildConfigurationList = 9661279226A3FFDB006B091B /* Build configuration list for PBXProject "Landmarks" */;
			compatibilityVersion = "Xcode 9.3";
			developmentRegion = en;
			hasScannedForEncodings = 0;
			knownRegions = (
				en,
				Base,
			);
			mainGroup = 9661278E26A3FFDB006B091B;
			productRefGroup = 9661279826A3FFDB006B091B /* Products */;
			projectDirPath = "";
			projectRoot = "";
			targets = (
				9661279626A3FFDB006B091B /* Landmarks */,
				966127A726A3FFDD006B091B /* LandmarksTests */,
				966127B226A3FFDD006B091B /* LandmarksUITests */,
			);
		};
/* End PBXProject section */

/* Begin PBXResourcesBuildPhase section */
		9661279526A3FFDB006B091B /* Resources */ = {
			isa = PBXResourcesBuildPhase;
			buildActionMask = 2147483647;
			files = (
				963EC57A26A4599B0055B5FF /* stmarylake@2x.jpg in Resources */,
				963EC57226A4599B0055B5FF /* umbagog@2x.jpg in Resources */,
				966127A226A3FFDC006B091B /* Preview Assets.xcassets in Resources */,
				9661279F26A3FFDC006B091B /* Assets.xcassets in Resources */,
				963EC57626A4599B0055B5FF /* silversalmoncreek@2x.jpg in Resources */,
				963EC57926A4599B0055B5FF /* chilkoottrail@2x.jpg in Resources */,
				963EC57C26A4599B0055B5FF /* rainbowlake@2x.jpg in Resources */,
				963EC57426A4599B0055B5FF /* chincoteague@2x.jpg in Resources */,
				963EC57326A4599B0055B5FF /* twinlake@2x.jpg in Resources */,
				963EC57D26A4599B0055B5FF /* landmarkData.json in Resources */,
				963EC57B26A4599B0055B5FF /* charleyrivers@2x.jpg in Resources */,
				963EC57826A4599B0055B5FF /* hiddenlake@2x.jpg in Resources */,
				963EC57526A4599B0055B5FF /* lakemcdonald@2x.jpg in Resources */,
				963EC57726A4599B0055B5FF /* icybay@2x.jpg in Resources */,
			);
			runOnlyForDeploymentPostprocessing = 0;
		};
		966127A626A3FFDD006B091B /* Resources */ = {
			isa = PBXResourcesBuildPhase;
			buildActionMask = 2147483647;
			files = (
			);
			runOnlyForDeploymentPostprocessing = 0;
		};
		966127B126A3FFDD006B091B /* Resources */ = {
			isa = PBXResourcesBuildPhase;
			buildActionMask = 2147483647;
			files = (
			);
			runOnlyForDeploymentPostprocessing = 0;
		};
/* End PBXResourcesBuildPhase section */

/* Begin PBXSourcesBuildPhase section */
		9661279326A3FFDB006B091B /* Sources */ = {
			isa = PBXSourcesBuildPhase;
			buildActionMask = 2147483647;
			files = (
				9661279D26A3FFDB006B091B /* ContentView.swift in Sources */,
				960D5A0426AA67930024AA80 /* Badge.swift in Sources */,
				966127CD26A40967006B091B /* MapView.swift in Sources */,
				9661279B26A3FFDB006B091B /* LandmarksApp.swift in Sources */,
				960D59F926A999BE0024AA80 /* FavoriteButton.swift in Sources */,
				960D5A0026AA66AC0024AA80 /* BadgeSybol.swift in Sources */,
				960D5A0226AA67760024AA80 /* RotatedBadgeSymbol.swift in Sources */,
				961B608E26A4439E000E889A /* LandmarkList.swift in Sources */,
				961B609026A445A1000E889A /* LandmarkDetail.swift in Sources */,
				966127CB26A407FE006B091B /* CircleImage.swift in Sources */,
				960D59FE26AA62520024AA80 /* BadgeBackground.swift in Sources */,
				961B608226A4164A000E889A /* Landmark.swift in Sources */,
				960D59FC26AA53CE0024AA80 /* HexagonParameter.swift in Sources */,
				961B608826A41C88000E889A /* LandmarkRow.swift in Sources */,
				961B608426A4166F000E889A /* ModelData.swift in Sources */,
			);
			runOnlyForDeploymentPostprocessing = 0;
		};
		966127A426A3FFDD006B091B /* Sources */ = {
			isa = PBXSourcesBuildPhase;
			buildActionMask = 2147483647;
			files = (
				966127AD26A3FFDD006B091B /* LandmarksTests.swift in Sources */,
			);
			runOnlyForDeploymentPostprocessing = 0;
		};
		966127AF26A3FFDD006B091B /* Sources */ = {
			isa = PBXSourcesBuildPhase;
			buildActionMask = 2147483647;
			files = (
				966127B826A3FFDD006B091B /* LandmarksUITests.swift in Sources */,
			);
			runOnlyForDeploymentPostprocessing = 0;
		};
/* End PBXSourcesBuildPhase section */

/* Begin PBXTargetDependency section */
		966127AA26A3FFDD006B091B /* PBXTargetDependency */ = {
			isa = PBXTargetDependency;
			target = 9661279626A3FFDB006B091B /* Landmarks */;
			targetProxy = 966127A926A3FFDD006B091B /* PBXContainerItemProxy */;
		};
		966127B526A3FFDD006B091B /* PBXTargetDependency */ = {
			isa = PBXTargetDependency;
			target = 9661279626A3FFDB006B091B /* Landmarks */;
			targetProxy = 966127B426A3FFDD006B091B /* PBXContainerItemProxy */;
		};
/* End PBXTargetDependency section */

/* Begin XCBuildConfiguration section */
		966127BA26A3FFDD006B091B /* Debug */ = {
			isa = XCBuildConfiguration;
			buildSettings = {
				ALWAYS_SEARCH_USER_PATHS = NO;
				CLANG_ANALYZER_NONNULL = YES;
				CLANG_ANALYZER_NUMBER_OBJECT_CONVERSION = YES_AGGRESSIVE;
				CLANG_CXX_LANGUAGE_STANDARD = "gnu++14";
				CLANG_CXX_LIBRARY = "libc++";
				CLANG_ENABLE_MODULES = YES;
				CLANG_ENABLE_OBJC_ARC = YES;
				CLANG_ENABLE_OBJC_WEAK = YES;
				CLANG_WARN_BLOCK_CAPTURE_AUTORELEASING = YES;
				CLANG_WARN_BOOL_CONVERSION = YES;
				CLANG_WARN_COMMA = YES;
				CLANG_WARN_CONSTANT_CONVERSION = YES;
				CLANG_WARN_DEPRECATED_OBJC_IMPLEMENTATIONS = YES;
				CLANG_WARN_DIRECT_OBJC_ISA_USAGE = YES_ERROR;
				CLANG_WARN_DOCUMENTATION_COMMENTS = YES;
				CLANG_WARN_EMPTY_BODY = YES;
				CLANG_WARN_ENUM_CONVERSION = YES;
				CLANG_WARN_INFINITE_RECURSION = YES;
				CLANG_WARN_INT_CONVERSION = YES;
				CLANG_WARN_NON_LITERAL_NULL_CONVERSION = YES;
				CLANG_WARN_OBJC_IMPLICIT_RETAIN_SELF = YES;
				CLANG_WARN_OBJC_LITERAL_CONVERSION = YES;
				CLANG_WARN_OBJC_ROOT_CLASS = YES_ERROR;
				CLANG_WARN_QUOTED_INCLUDE_IN_FRAMEWORK_HEADER = YES;
				CLANG_WARN_RANGE_LOOP_ANALYSIS = YES;
				CLANG_WARN_STRICT_PROTOTYPES = YES;
				CLANG_WARN_SUSPICIOUS_MOVE = YES;
				CLANG_WARN_UNGUARDED_AVAILABILITY = YES_AGGRESSIVE;
				CLANG_WARN_UNREACHABLE_CODE = YES;
				CLANG_WARN__DUPLICATE_METHOD_MATCH = YES;
				COPY_PHASE_STRIP = NO;
				DEBUG_INFORMATION_FORMAT = dwarf;
				ENABLE_STRICT_OBJC_MSGSEND = YES;
				ENABLE_TESTABILITY = YES;
				GCC_C_LANGUAGE_STANDARD = gnu11;
				GCC_DYNAMIC_NO_PIC = NO;
				GCC_NO_COMMON_BLOCKS = YES;
				GCC_OPTIMIZATION_LEVEL = 0;
				GCC_PREPROCESSOR_DEFINITIONS = (
					"DEBUG=1",
					"$(inherited)",
				);
				GCC_WARN_64_TO_32_BIT_CONVERSION = YES;
				GCC_WARN_ABOUT_RETURN_TYPE = YES_ERROR;
				GCC_WARN_UNDECLARED_SELECTOR = YES;
				GCC_WARN_UNINITIALIZED_AUTOS = YES_AGGRESSIVE;
				GCC_WARN_UNUSED_FUNCTION = YES;
				GCC_WARN_UNUSED_VARIABLE = YES;
				IPHONEOS_DEPLOYMENT_TARGET = 14.5;
				MTL_ENABLE_DEBUG_INFO = INCLUDE_SOURCE;
				MTL_FAST_MATH = YES;
				ONLY_ACTIVE_ARCH = YES;
				SDKROOT = iphoneos;
				SWIFT_ACTIVE_COMPILATION_CONDITIONS = DEBUG;
				SWIFT_OPTIMIZATION_LEVEL = "-Onone";
			};
			name = Debug;
		};
		966127BB26A3FFDD006B091B /* Release */ = {
			isa = XCBuildConfiguration;
			buildSettings = {
				ALWAYS_SEARCH_USER_PATHS = NO;
				CLANG_ANALYZER_NONNULL = YES;
				CLANG_ANALYZER_NUMBER_OBJECT_CONVERSION = YES_AGGRESSIVE;
				CLANG_CXX_LANGUAGE_STANDARD = "gnu++14";
				CLANG_CXX_LIBRARY = "libc++";
				CLANG_ENABLE_MODULES = YES;
				CLANG_ENABLE_OBJC_ARC = YES;
				CLANG_ENABLE_OBJC_WEAK = YES;
				CLANG_WARN_BLOCK_CAPTURE_AUTORELEASING = YES;
				CLANG_WARN_BOOL_CONVERSION = YES;
				CLANG_WARN_COMMA = YES;
				CLANG_WARN_CONSTANT_CONVERSION = YES;
				CLANG_WARN_DEPRECATED_OBJC_IMPLEMENTATIONS = YES;
				CLANG_WARN_DIRECT_OBJC_ISA_USAGE = YES_ERROR;
				CLANG_WARN_DOCUMENTATION_COMMENTS = YES;
				CLANG_WARN_EMPTY_BODY = YES;
				CLANG_WARN_ENUM_CONVERSION = YES;
				CLANG_WARN_INFINITE_RECURSION = YES;
				CLANG_WARN_INT_CONVERSION = YES;
				CLANG_WARN_NON_LITERAL_NULL_CONVERSION = YES;
				CLANG_WARN_OBJC_IMPLICIT_RETAIN_SELF = YES;
				CLANG_WARN_OBJC_LITERAL_CONVERSION = YES;
				CLANG_WARN_OBJC_ROOT_CLASS = YES_ERROR;
				CLANG_WARN_QUOTED_INCLUDE_IN_FRAMEWORK_HEADER = YES;
				CLANG_WARN_RANGE_LOOP_ANALYSIS = YES;
				CLANG_WARN_STRICT_PROTOTYPES = YES;
				CLANG_WARN_SUSPICIOUS_MOVE = YES;
				CLANG_WARN_UNGUARDED_AVAILABILITY = YES_AGGRESSIVE;
				CLANG_WARN_UNREACHABLE_CODE = YES;
				CLANG_WARN__DUPLICATE_METHOD_MATCH = YES;
				COPY_PHASE_STRIP = NO;
				DEBUG_INFORMATION_FORMAT = "dwarf-with-dsym";
				ENABLE_NS_ASSERTIONS = NO;
				ENABLE_STRICT_OBJC_MSGSEND = YES;
				GCC_C_LANGUAGE_STANDARD = gnu11;
				GCC_NO_COMMON_BLOCKS = YES;
				GCC_WARN_64_TO_32_BIT_CONVERSION = YES;
				GCC_WARN_ABOUT_RETURN_TYPE = YES_ERROR;
				GCC_WARN_UNDECLARED_SELECTOR = YES;
				GCC_WARN_UNINITIALIZED_AUTOS = YES_AGGRESSIVE;
				GCC_WARN_UNUSED_FUNCTION = YES;
				GCC_WARN_UNUSED_VARIABLE = YES;
				IPHONEOS_DEPLOYMENT_TARGET = 14.5;
				MTL_ENABLE_DEBUG_INFO = NO;
				MTL_FAST_MATH = YES;
				SDKROOT = iphoneos;
				SWIFT_COMPILATION_MODE = wholemodule;
				SWIFT_OPTIMIZATION_LEVEL = "-O";
				VALIDATE_PRODUCT = YES;
			};
			name = Release;
		};
		966127BD26A3FFDD006B091B /* Debug */ = {
			isa = XCBuildConfiguration;
			buildSettings = {
				ASSETCATALOG_COMPILER_APPICON_NAME = AppIcon;
				ASSETCATALOG_COMPILER_GLOBAL_ACCENT_COLOR_NAME = AccentColor;
				CODE_SIGN_STYLE = Automatic;
				DEVELOPMENT_ASSET_PATHS = "\"Landmarks/Preview Content\"";
				DEVELOPMENT_TEAM = 2JZ8QNS5D4;
				ENABLE_PREVIEWS = YES;
				INFOPLIST_FILE = Landmarks/Info.plist;
				IPHONEOS_DEPLOYMENT_TARGET = 14.0;
				LD_RUNPATH_SEARCH_PATHS = (
					"$(inherited)",
					"@executable_path/Frameworks",
				);
				PRODUCT_BUNDLE_IDENTIFIER = bage.Landmarks;
				PRODUCT_NAME = "$(TARGET_NAME)";
				SWIFT_VERSION = 5.0;
				TARGETED_DEVICE_FAMILY = "1,2";
			};
			name = Debug;
		};
		966127BE26A3FFDD006B091B /* Release */ = {
			isa = XCBuildConfiguration;
			buildSettings = {
				ASSETCATALOG_COMPILER_APPICON_NAME = AppIcon;
				ASSETCATALOG_COMPILER_GLOBAL_ACCENT_COLOR_NAME = AccentColor;
				CODE_SIGN_STYLE = Automatic;
				DEVELOPMENT_ASSET_PATHS = "\"Landmarks/Preview Content\"";
				DEVELOPMENT_TEAM = 2JZ8QNS5D4;
				ENABLE_PREVIEWS = YES;
				INFOPLIST_FILE = Landmarks/Info.plist;
				IPHONEOS_DEPLOYMENT_TARGET = 14.0;
				LD_RUNPATH_SEARCH_PATHS = (
					"$(inherited)",
					"@executable_path/Frameworks",
				);
				PRODUCT_BUNDLE_IDENTIFIER = bage.Landmarks;
				PRODUCT_NAME = "$(TARGET_NAME)";
				SWIFT_VERSION = 5.0;
				TARGETED_DEVICE_FAMILY = "1,2";
			};
			name = Release;
		};
		966127C026A3FFDD006B091B /* Debug */ = {
			isa = XCBuildConfiguration;
			buildSettings = {
				ALWAYS_EMBED_SWIFT_STANDARD_LIBRARIES = YES;
				BUNDLE_LOADER = "$(TEST_HOST)";
				CODE_SIGN_STYLE = Automatic;
				DEVELOPMENT_TEAM = 2JZ8QNS5D4;
				INFOPLIST_FILE = LandmarksTests/Info.plist;
				IPHONEOS_DEPLOYMENT_TARGET = 14.0;
				LD_RUNPATH_SEARCH_PATHS = (
					"$(inherited)",
					"@executable_path/Frameworks",
					"@loader_path/Frameworks",
				);
				PRODUCT_BUNDLE_IDENTIFIER = bage.LandmarksTests;
				PRODUCT_NAME = "$(TARGET_NAME)";
				SWIFT_VERSION = 5.0;
				TARGETED_DEVICE_FAMILY = "1,2";
				TEST_HOST = "$(BUILT_PRODUCTS_DIR)/Landmarks.app/Landmarks";
			};
			name = Debug;
		};
		966127C126A3FFDD006B091B /* Release */ = {
			isa = XCBuildConfiguration;
			buildSettings = {
				ALWAYS_EMBED_SWIFT_STANDARD_LIBRARIES = YES;
				BUNDLE_LOADER = "$(TEST_HOST)";
				CODE_SIGN_STYLE = Automatic;
				DEVELOPMENT_TEAM = 2JZ8QNS5D4;
				INFOPLIST_FILE = LandmarksTests/Info.plist;
				IPHONEOS_DEPLOYMENT_TARGET = 14.0;
				LD_RUNPATH_SEARCH_PATHS = (
					"$(inherited)",
					"@executable_path/Frameworks",
					"@loader_path/Frameworks",
				);
				PRODUCT_BUNDLE_IDENTIFIER = bage.LandmarksTests;
				PRODUCT_NAME = "$(TARGET_NAME)";
				SWIFT_VERSION = 5.0;
				TARGETED_DEVICE_FAMILY = "1,2";
				TEST_HOST = "$(BUILT_PRODUCTS_DIR)/Landmarks.app/Landmarks";
			};
			name = Release;
		};
		966127C326A3FFDD006B091B /* Debug */ = {
			isa = XCBuildConfiguration;
			buildSettings = {
				ALWAYS_EMBED_SWIFT_STANDARD_LIBRARIES = YES;
				CODE_SIGN_STYLE = Automatic;
				DEVELOPMENT_TEAM = 2JZ8QNS5D4;
				INFOPLIST_FILE = LandmarksUITests/Info.plist;
				LD_RUNPATH_SEARCH_PATHS = (
					"$(inherited)",
					"@executable_path/Frameworks",
					"@loader_path/Frameworks",
				);
				PRODUCT_BUNDLE_IDENTIFIER = bage.LandmarksUITests;
				PRODUCT_NAME = "$(TARGET_NAME)";
				SWIFT_VERSION = 5.0;
				TARGETED_DEVICE_FAMILY = "1,2";
				TEST_TARGET_NAME = Landmarks;
			};
			name = Debug;
		};
		966127C426A3FFDD006B091B /* Release */ = {
			isa = XCBuildConfiguration;
			buildSettings = {
				ALWAYS_EMBED_SWIFT_STANDARD_LIBRARIES = YES;
				CODE_SIGN_STYLE = Automatic;
				DEVELOPMENT_TEAM = 2JZ8QNS5D4;
				INFOPLIST_FILE = LandmarksUITests/Info.plist;
				LD_RUNPATH_SEARCH_PATHS = (
					"$(inherited)",
					"@executable_path/Frameworks",
					"@loader_path/Frameworks",
				);
				PRODUCT_BUNDLE_IDENTIFIER = bage.LandmarksUITests;
				PRODUCT_NAME = "$(TARGET_NAME)";
				SWIFT_VERSION = 5.0;
				TARGETED_DEVICE_FAMILY = "1,2";
				TEST_TARGET_NAME = Landmarks;
			};
			name = Release;
		};
/* End XCBuildConfiguration section */

/* Begin XCConfigurationList section */
		9661279226A3FFDB006B091B /* Build configuration list for PBXProject "Landmarks" */ = {
			isa = XCConfigurationList;
			buildConfigurations = (
				966127BA26A3FFDD006B091B /* Debug */,
				966127BB26A3FFDD006B091B /* Release */,
			);
			defaultConfigurationIsVisible = 0;
			defaultConfigurationName = Release;
		};
		966127BC26A3FFDD006B091B /* Build configuration list for PBXNativeTarget "Landmarks" */ = {
			isa = XCConfigurationList;
			buildConfigurations = (
				966127BD26A3FFDD006B091B /* Debug */,
				966127BE26A3FFDD006B091B /* Release */,
			);
			defaultConfigurationIsVisible = 0;
			defaultConfigurationName = Release;
		};
		966127BF26A3FFDD006B091B /* Build configuration list for PBXNativeTarget "LandmarksTests" */ = {
			isa = XCConfigurationList;
			buildConfigurations = (
				966127C026A3FFDD006B091B /* Debug */,
				966127C126A3FFDD006B091B /* Release */,
			);
			defaultConfigurationIsVisible = 0;
			defaultConfigurationName = Release;
		};
		966127C226A3FFDD006B091B /* Build configuration list for PBXNativeTarget "LandmarksUITests" */ = {
			isa = XCConfigurationList;
			buildConfigurations = (
				966127C326A3FFDD006B091B /* Debug */,
				966127C426A3FFDD006B091B /* Release */,
			);
			defaultConfigurationIsVisible = 0;
			defaultConfigurationName = Release;
		};
/* End XCConfigurationList section */
	};
	rootObject = 9661278F26A3FFDB006B091B /* Project object */;
}
